
Microsoft Visual Studio Solution File, Format Version 12.00
# Visual Studio Version 17
VisualStudioVersion = 17.4.33103.184
MinimumVisualStudioVersion = 10.0.40219.1
Project("{FAE04EC0-301F-11D3-BF4B-00C04F79EFBC}") = "restaurant", "restaurant\restaurant.csproj", "{827A76C4-859A-4DE3-80F0-A5A74E769674}"
EndProject
Global
	GlobalSection(SolutionConfigurationPlatforms) = preSolution
		Debug|Any CPU = Debug|Any CPU
		Release|Any CPU = Release|Any CPU
	EndGlobalSection
	GlobalSection(ProjectConfigurationPlatforms) = postSolution
		{827A76C4-859A-4DE3-80F0-A5A74E769674}.Debug|Any CPU.ActiveCfg = Debug|Any CPU
		{827A76C4-859A-4DE3-80F0-A5A74E769674}.Debug|Any CPU.Build.0 = Debug|Any CPU
		{827A76C4-859A-4DE3-80F0-A5A74E769674}.Release|Any CPU.ActiveCfg = Release|Any CPU
		{827A76C4-859A-4DE3-80F0-A5A74E769674}.Release|Any CPU.Build.0 = Release|Any CPU
	EndGlobalSection
	GlobalSection(SolutionProperties) = preSolution
		HideSolutionNode = FALSE
	EndGlobalSection
	GlobalSection(ExtensibilityGlobals) = postSolution
		SolutionGuid = {92EB14D3-FE71-4049-941E-E38B79EAC1CB}
	EndGlobalSection
EndGlobal
